
Microsoft Visual Studio Solution File, Format Version 12.00
# Visual Studio 15
VisualStudioVersion = 15.0.28307.136
MinimumVisualStudioVersion = 10.0.40219.1
Project("{FAE04EC0-301F-11D3-BF4B-00C04F79EFBC}") = "WebApplication1", "WebApplication1\WebApplication1.csproj", "{F1C9D83B-BC3C-4977-B861-DAB5ABF7825C}"
EndProject
Global
	GlobalSection(SolutionConfigurationPlatforms) = preSolution
		Debug|Any CPU = Debug|Any CPU
		Release|Any CPU = Release|Any CPU
	EndGlobalSection
	GlobalSection(ProjectConfigurationPlatforms) = postSolution
		{F1C9D83B-BC3C-4977-B861-DAB5ABF7825C}.Debug|Any CPU.ActiveCfg = Debug|Any CPU
		{F1C9D83B-BC3C-4977-B861-DAB5ABF7825C}.Debug|Any CPU.Build.0 = Debug|Any CPU
		{F1C9D83B-BC3C-4977-B861-DAB5ABF7825C}.Release|Any CPU.ActiveCfg = Release|Any CPU
		{F1C9D83B-BC3C-4977-B861-DAB5ABF7825C}.Release|Any CPU.Build.0 = Release|Any CPU
	EndGlobalSection
	GlobalSection(SolutionProperties) = preSolution
		HideSolutionNode = FALSE
	EndGlobalSection
	GlobalSection(ExtensibilityGlobals) = postSolution
		SolutionGuid = {C0391606-5BE4-4E6C-9C12-573389425D48}
	EndGlobalSection
EndGlobal
